
Microsoft Visual Studio Solution File, Format Version 12.00
# Visual Studio Version 17
VisualStudioVersion = 17.1.32228.430
MinimumVisualStudioVersion = 10.0.40219.1
Project("{9A19103F-16F7-4668-BE54-9A1E7A4F7556}") = "ProjetTask_1", "ProjetTask_1\ProjetTask_1.csproj", "{AAEEDE5C-4750-4442-8762-D9BE7C150EFA}"
EndProject
Project("{FAE04EC0-301F-11D3-BF4B-00C04F79EFBC}") = "UnitTest_ProjetTask_1", "UnitTest_ProjetTask_1\UnitTest_ProjetTask_1.csproj", "{2C163703-FFA3-4461-A6D1-C06EA1FDD6AF}"
EndProject
Global
	GlobalSection(SolutionConfigurationPlatforms) = preSolution
		Debug|Any CPU = Debug|Any CPU
		Release|Any CPU = Release|Any CPU
	EndGlobalSection
	GlobalSection(ProjectConfigurationPlatforms) = postSolution
		{AAEEDE5C-4750-4442-8762-D9BE7C150EFA}.Debug|Any CPU.ActiveCfg = Debug|Any CPU
		{AAEEDE5C-4750-4442-8762-D9BE7C150EFA}.Debug|Any CPU.Build.0 = Debug|Any CPU
		{AAEEDE5C-4750-4442-8762-D9BE7C150EFA}.Release|Any CPU.ActiveCfg = Release|Any CPU
		{AAEEDE5C-4750-4442-8762-D9BE7C150EFA}.Release|Any CPU.Build.0 = Release|Any CPU
		{2C163703-FFA3-4461-A6D1-C06EA1FDD6AF}.Debug|Any CPU.ActiveCfg = Debug|Any CPU
		{2C163703-FFA3-4461-A6D1-C06EA1FDD6AF}.Debug|Any CPU.Build.0 = Debug|Any CPU
		{2C163703-FFA3-4461-A6D1-C06EA1FDD6AF}.Release|Any CPU.ActiveCfg = Release|Any CPU
		{2C163703-FFA3-4461-A6D1-C06EA1FDD6AF}.Release|Any CPU.Build.0 = Release|Any CPU
	EndGlobalSection
	GlobalSection(SolutionProperties) = preSolution
		HideSolutionNode = FALSE
	EndGlobalSection
	GlobalSection(ExtensibilityGlobals) = postSolution
		SolutionGuid = {9A5CC03B-FEFD-4DDC-89B5-F92EA59813A8}
	EndGlobalSection
EndGlobal
